
Microsoft Visual Studio Solution File, Format Version 12.00
# Visual Studio Version 17
VisualStudioVersion = 17.3.32922.545
MinimumVisualStudioVersion = 10.0.40219.1
Project("{8BC9CEB8-8B4A-11D0-8D11-00A0C91BC942}") = "conescan", "conescan.vcxproj", "{82C864EA-6A2E-4109-9B7F-EA5C4F2D4AFF}"
	ProjectSection(ProjectDependencies) = postProject
		{5D94880B-C99D-887C-5219-9F7CBE21947C} = {5D94880B-C99D-887C-5219-9F7CBE21947C}
	EndProjectSection
EndProject
Project("{8BC9CEB8-8B4A-11D0-8D11-00A0C91BC942}") = "nfd", "lib\nativefiledialog\build\vs2010\nfd.vcxproj", "{5D94880B-C99D-887C-5219-9F7CBE21947C}"
EndProject
Global
	GlobalSection(SolutionConfigurationPlatforms) = preSolution
		Debug|x64 = Debug|x64
		Debug|x86 = Debug|x86
		Release|x64 = Release|x64
		Release|x86 = Release|x86
	EndGlobalSection
	GlobalSection(ProjectConfigurationPlatforms) = postSolution
		{82C864EA-6A2E-4109-9B7F-EA5C4F2D4AFF}.Debug|x64.ActiveCfg = Debug|x64
		{82C864EA-6A2E-4109-9B7F-EA5C4F2D4AFF}.Debug|x64.Build.0 = Debug|x64
		{82C864EA-6A2E-4109-9B7F-EA5C4F2D4AFF}.Debug|x86.ActiveCfg = Debug|Win32
		{82C864EA-6A2E-4109-9B7F-EA5C4F2D4AFF}.Debug|x86.Build.0 = Debug|Win32
		{82C864EA-6A2E-4109-9B7F-EA5C4F2D4AFF}.Release|x64.ActiveCfg = Release|x64
		{82C864EA-6A2E-4109-9B7F-EA5C4F2D4AFF}.Release|x64.Build.0 = Release|x64
		{82C864EA-6A2E-4109-9B7F-EA5C4F2D4AFF}.Release|x86.ActiveCfg = Release|Win32
		{82C864EA-6A2E-4109-9B7F-EA5C4F2D4AFF}.Release|x86.Build.0 = Release|Win32
		{5D94880B-C99D-887C-5219-9F7CBE21947C}.Debug|x64.ActiveCfg = Debug|x64
		{5D94880B-C99D-887C-5219-9F7CBE21947C}.Debug|x64.Build.0 = Debug|x64
		{5D94880B-C99D-887C-5219-9F7CBE21947C}.Debug|x86.ActiveCfg = Debug|Win32
		{5D94880B-C99D-887C-5219-9F7CBE21947C}.Debug|x86.Build.0 = Debug|Win32
		{5D94880B-C99D-887C-5219-9F7CBE21947C}.Release|x64.ActiveCfg = Release|x64
		{5D94880B-C99D-887C-5219-9F7CBE21947C}.Release|x64.Build.0 = Release|x64
		{5D94880B-C99D-887C-5219-9F7CBE21947C}.Release|x86.ActiveCfg = Release|Win32
		{5D94880B-C99D-887C-5219-9F7CBE21947C}.Release|x86.Build.0 = Release|Win32
	EndGlobalSection
	GlobalSection(SolutionProperties) = preSolution
		HideSolutionNode = FALSE
	EndGlobalSection
	GlobalSection(ExtensibilityGlobals) = postSolution
		SolutionGuid = {7266EDDE-076A-4312-9006-BF841FC76E65}
	EndGlobalSection
EndGlobal
