<?xml version="1.0" encoding="utf-8"?>
<Project ToolsVersion="4.0" xmlns="http://schemas.microsoft.com/developer/msbuild/2003">
  <ItemGroup>
    <Filter Include="Source Files">
      <UniqueIdentifier>{4FC737F1-C7A5-4376-A066-2A32D752A2FF}</UniqueIdentifier>
      <Extensions>cpp;c;cc;cxx;c++;cppm;ixx;def;odl;idl;hpj;bat;asm;asmx</Extensions>
    </Filter>
    <Filter Include="Header Files">
      <UniqueIdentifier>{93995380-89BD-4b04-88EB-625FBE52EBFB}</UniqueIdentifier>
      <Extensions>h;hh;hpp;hxx;h++;hm;inl;inc;ipp;xsd</Extensions>
    </Filter>
    <Filter Include="Resource Files">
      <UniqueIdentifier>{67DA6AB6-F800-4c08-8B7A-83BB121AAD01}</UniqueIdentifier>
      <Extensions>rc;ico;cur;bmp;dlg;rc2;rct;bin;rgs;gif;jpg;jpeg;jpe;resx;tiff;tif;png;wav;mfcribbon-ms</Extensions>
    </Filter>
    <Filter Include="Source Files\imgui">
      <UniqueIdentifier>{bd86777a-f755-41ed-90b8-18f02e0befdd}</UniqueIdentifier>
    </Filter>
    <Filter Include="Source Files\sqlite">
      <UniqueIdentifier>{60e465e6-be9a-4a5d-9987-f8f586a83c1a}</UniqueIdentifier>
    </Filter>
    <Filter Include="Source Files\tinyxml2">
      <UniqueIdentifier>{5ebd6800-7a54-4b6a-b0ec-52fe6efa5a51}</UniqueIdentifier>
    </Filter>
    <Filter Include="Source Files\rx8">
      <UniqueIdentifier>{736b8e71-33ea-4579-9219-498a9b912f22}</UniqueIdentifier>
    </Filter>
    <Filter Include="Header Files\rx8">
      <UniqueIdentifier>{7939be23-1909-4e40-beea-2dbe3fc5e2e3}</UniqueIdentifier>
    </Filter>
    <Filter Include="Source Files\optarg">
      <UniqueIdentifier>{933d4540-aac1-41f8-8931-f7399034a7c7}</UniqueIdentifier>
    </Filter>
    <Filter Include="Header Files\optarg">
      <UniqueIdentifier>{4cad0fcd-df67-4f2e-8464-488b36204ef7}</UniqueIdentifier>
    </Filter>
    <Filter Include="Header Files\J2534">
      <UniqueIdentifier>{d09ac377-ce87-480c-b923-8adf42187203}</UniqueIdentifier>
    </Filter>
  </ItemGroup>
  <ItemGroup>
    <ClCompile Include="src\conescan.cpp">
      <Filter>Source Files</Filter>
    </ClCompile>
    <ClCompile Include="src\conescan_db.cpp">
      <Filter>Source Files</Filter>
    </ClCompile>
    <ClCompile Include="src\console.cpp">
      <Filter>Source Files</Filter>
    </ClCompile>
    <ClCompile Include="src\definition.cpp">
      <Filter>Source Files</Filter>
    </ClCompile>
    <ClCompile Include="src\history.cpp">
      <Filter>Source Files</Filter>
    </ClCompile>
    <ClCompile Include="src\layout.cpp">
      <Filter>Source Files</Filter>
    </ClCompile>
    <ClCompile Include="src\main.cpp">
      <Filter>Source Files</Filter>
    </ClCompile>
    <ClCompile Include="src\shader_utils.cpp">
      <Filter>Source Files</Filter>
    </ClCompile>
    <ClCompile Include="src\table_editor.cpp">
      <Filter>Source Files</Filter>
    </ClCompile>
    <ClCompile Include="lib\imgui\imgui.cpp">
      <Filter>Source Files\imgui</Filter>
    </ClCompile>
    <ClCompile Include="lib\imgui\imgui_demo.cpp">
      <Filter>Source Files\imgui</Filter>
    </ClCompile>
    <ClCompile Include="lib\imgui\imgui_draw.cpp">
      <Filter>Source Files\imgui</Filter>
    </ClCompile>
    <ClCompile Include="lib\imgui\backends\imgui_impl_glfw.cpp">
      <Filter>Source Files\imgui</Filter>
    </ClCompile>
    <ClCompile Include="lib\imgui\backends\imgui_impl_opengl3.cpp">
      <Filter>Source Files\imgui</Filter>
    </ClCompile>
    <ClCompile Include="lib\imgui\backends\imgui_impl_win32.cpp">
      <Filter>Source Files\imgui</Filter>
    </ClCompile>
    <ClCompile Include="lib\imgui\imgui_tables.cpp">
      <Filter>Source Files\imgui</Filter>
    </ClCompile>
    <ClCompile Include="lib\imgui\imgui_widgets.cpp">
      <Filter>Source Files\imgui</Filter>
    </ClCompile>
    <ClCompile Include="lib\sqlite3\sqlite3.c">
      <Filter>Source Files\sqlite</Filter>
    </ClCompile>
    <ClCompile Include="lib\tinyxml2\tinyxml2.cpp">
      <Filter>Source Files\tinyxml2</Filter>
    </ClCompile>
    <ClCompile Include="lib\rx8-ecu-dump\src\librx8.cpp">
      <Filter>Source Files\rx8</Filter>
    </ClCompile>
    <ClCompile Include="lib\rx8-ecu-dump\src\UDS.cpp">
      <Filter>Source Files\rx8</Filter>
    </ClCompile>
    <ClCompile Include="lib\rx8-ecu-dump\src\util.cpp">
      <Filter>Source Files\rx8</Filter>
    </ClCompile>
    <ClCompile Include="lib\rx8-ecu-dump\lib\getopt\getopt.c">
      <Filter>Source Files\optarg</Filter>
    </ClCompile>
    <ClCompile Include="lib\rx8-ecu-dump\J2534\J2534.cpp">
      <Filter>Source Files\rx8</Filter>
    </ClCompile>
  </ItemGroup>
  <ItemGroup>
    <ClInclude Include="include\conescan.h">
      <Filter>Header Files</Filter>
    </ClInclude>
    <ClInclude Include="include\conescan_db.h">
      <Filter>Header Files</Filter>
    </ClInclude>
    <ClInclude Include="include\console.h">
      <Filter>Header Files</Filter>
    </ClInclude>
    <ClInclude Include="include\definition.h">
      <Filter>Header Files</Filter>
    </ClInclude>
    <ClInclude Include="include\history.h">
      <Filter>Header Files</Filter>
    </ClInclude>
    <ClInclude Include="include\layout.h">
      <Filter>Header Files</Filter>
    </ClInclude>
    <ClInclude Include="include\shader_utils.h">
      <Filter>Header Files</Filter>
    </ClInclude>
    <ClInclude Include="include\stb_image.h">
      <Filter>Header Files</Filter>
    </ClInclude>
    <ClInclude Include="lib\rx8-ecu-dump\src\librx8.h">
      <Filter>Header Files\rx8</Filter>
    </ClInclude>
    <ClInclude Include="lib\rx8-ecu-dump\src\OBD2.h">
      <Filter>Header Files\rx8</Filter>
    </ClInclude>
    <ClInclude Include="lib\rx8-ecu-dump\src\UDS.h">
      <Filter>Header Files\rx8</Filter>
    </ClInclude>
    <ClInclude Include="lib\rx8-ecu-dump\src\util.h">
      <Filter>Header Files\rx8</Filter>
    </ClInclude>
    <ClInclude Include="lib\rx8-ecu-dump\J2534\J2534.h">
      <Filter>Header Files\J2534</Filter>
    </ClInclude>
    <ClInclude Include="lib\rx8-ecu-dump\J2534\j2534_tactrix.h">
      <Filter>Header Files\J2534</Filter>
    </ClInclude>
    <ClInclude Include="lib\rx8-ecu-dump\lib\getopt\getopt.h">
      <Filter>Header Files\optarg</Filter>
    </ClInclude>
    <ClInclude Include="windows\resource.h">
      <Filter>Header Files</Filter>
    </ClInclude>
  </ItemGroup>
  <ItemGroup>
    <ResourceCompile Include="windows\conescan.rc">
      <Filter>Resource Files</Filter>
    </ResourceCompile>
  </ItemGroup>
</Project>